
Microsoft Visual Studio Solution File, Format Version 12.00
# Visual Studio Version 17
VisualStudioVersion = 17.3.32929.385
MinimumVisualStudioVersion = 10.0.40219.1
Project("{FAE04EC0-301F-11D3-BF4B-00C04F79EFBC}") = "LinkedListProblem", "LinkedListProblem\LinkedListProblem.csproj", "{CF575F49-54C3-4EC1-B233-14113B2EC7F2}"
EndProject
Global
	GlobalSection(SolutionConfigurationPlatforms) = preSolution
		Debug|Any CPU = Debug|Any CPU
		Release|Any CPU = Release|Any CPU
	EndGlobalSection
	GlobalSection(ProjectConfigurationPlatforms) = postSolution
		{CF575F49-54C3-4EC1-B233-14113B2EC7F2}.Debug|Any CPU.ActiveCfg = Debug|Any CPU
		{CF575F49-54C3-4EC1-B233-14113B2EC7F2}.Debug|Any CPU.Build.0 = Debug|Any CPU
		{CF575F49-54C3-4EC1-B233-14113B2EC7F2}.Release|Any CPU.ActiveCfg = Release|Any CPU
		{CF575F49-54C3-4EC1-B233-14113B2EC7F2}.Release|Any CPU.Build.0 = Release|Any CPU
	EndGlobalSection
	GlobalSection(SolutionProperties) = preSolution
		HideSolutionNode = FALSE
	EndGlobalSection
	GlobalSection(ExtensibilityGlobals) = postSolution
		SolutionGuid = {20B518C3-40BA-43F8-B65B-37FB4E727FF6}
	EndGlobalSection
EndGlobal
